
Microsoft Visual Studio Solution File, Format Version 12.00
# Visual Studio Version 17
VisualStudioVersion = 17.0.31903.59
MinimumVisualStudioVersion = 10.0.40219.1
Project("{2150E333-8FDC-42A3-9474-1A3956D46DE8}") = "Day1", "Day1", "{DDAA6524-8002-46B7-9C31-F92DEB4CA3CC}"
	ProjectSection(SolutionItems) = preProject
		Day1\Day1Description.md = Day1\Day1Description.md
	EndProjectSection
EndProject
Project("{9A19103F-16F7-4668-BE54-9A1E7A4F7556}") = "Day1Console", "Day1\Day1Console\Day1Console.csproj", "{BFF8804D-5459-4882-8E23-02A4A8B3057B}"
EndProject
Project("{9A19103F-16F7-4668-BE54-9A1E7A4F7556}") = "Day1Tests", "Day1\Day1Tests\Day1Tests.csproj", "{038D3CE9-2BF8-42AA-BDD4-1EFCC5747150}"
EndProject
Project("{2150E333-8FDC-42A3-9474-1A3956D46DE8}") = "Solution Items", "Solution Items", "{F17298E6-0D96-48AF-95B0-651C75027503}"
	ProjectSection(SolutionItems) = preProject
		.editorconfig = .editorconfig
		.gitignore = .gitignore
	EndProjectSection
EndProject
Project("{2150E333-8FDC-42A3-9474-1A3956D46DE8}") = "Day2", "Day2", "{A1D6C972-91A9-4DCE-BCE6-55841D93CE54}"
	ProjectSection(SolutionItems) = preProject
		Day2\Day2Description.md = Day2\Day2Description.md
	EndProjectSection
EndProject
Project("{9A19103F-16F7-4668-BE54-9A1E7A4F7556}") = "Day2Tests", "Day2\Day2Tests\Day2Tests.csproj", "{A161EDE6-1571-437D-AAFD-7C34CEA0C833}"
EndProject
Project("{9A19103F-16F7-4668-BE54-9A1E7A4F7556}") = "Day2Console", "Day2\Day2Console\Day2Console.csproj", "{F2AA0C71-2F07-4D8F-B343-21212431044E}"
EndProject
Project("{2150E333-8FDC-42A3-9474-1A3956D46DE8}") = "Day3", "Day3", "{6BE4C0B2-CA48-446B-AC08-29C7FC0F203A}"
	ProjectSection(SolutionItems) = preProject
		Day3\Day3Description.md = Day3\Day3Description.md
	EndProjectSection
EndProject
Project("{9A19103F-16F7-4668-BE54-9A1E7A4F7556}") = "Day3Tests", "Day3\Day3Tests\Day3Tests.csproj", "{BB4DFF41-48F9-43FA-ABC7-4671BC48F0BC}"
EndProject
Project("{9A19103F-16F7-4668-BE54-9A1E7A4F7556}") = "Day3Console", "Day3\Day3Console\Day3Console.csproj", "{CE3BB5AE-5B69-4E95-B678-2655BB591916}"
EndProject
Project("{2150E333-8FDC-42A3-9474-1A3956D46DE8}") = "Day4", "Day4", "{33E67D30-05EF-4275-BB34-CB3379C61C40}"
	ProjectSection(SolutionItems) = preProject
		Day4\Day4Description.md = Day4\Day4Description.md
	EndProjectSection
EndProject
Project("{9A19103F-16F7-4668-BE54-9A1E7A4F7556}") = "Day4Tests", "Day4\Day4Tests\Day4Tests.csproj", "{EFFDB3FE-58E2-4842-BF38-B4902AA9995E}"
EndProject
Project("{9A19103F-16F7-4668-BE54-9A1E7A4F7556}") = "Day4Console", "Day4\Day4Console\Day4Console.csproj", "{76B57729-BB53-4F2E-B967-55AEF7E3B95D}"
EndProject
Project("{2150E333-8FDC-42A3-9474-1A3956D46DE8}") = "Day5", "Day5", "{77010A7D-9AE6-468C-98EE-A68D6B1AAA90}"
	ProjectSection(SolutionItems) = preProject
		Day5\Day5Description.md = Day5\Day5Description.md
	EndProjectSection
EndProject
Project("{9A19103F-16F7-4668-BE54-9A1E7A4F7556}") = "Day5Tests", "Day5\Day5Tests\Day5Tests.csproj", "{F21C0E42-C7F1-4635-94DC-51CCB5AC286D}"
EndProject
Project("{9A19103F-16F7-4668-BE54-9A1E7A4F7556}") = "Day5Console", "Day5\Day5Console\Day5Console.csproj", "{F4BF0F6B-E89E-40D3-98EB-DE1E257CA072}"
EndProject
Project("{2150E333-8FDC-42A3-9474-1A3956D46DE8}") = "Day6", "Day6", "{3736CAEF-2BE6-479E-886E-AB2FB0D49542}"
	ProjectSection(SolutionItems) = preProject
		Day6\Day6Description.md = Day6\Day6Description.md
	EndProjectSection
EndProject
Project("{9A19103F-16F7-4668-BE54-9A1E7A4F7556}") = "Day6Tests", "Day6\Day6Tests\Day6Tests.csproj", "{E3E9438D-8CAB-4095-A8B8-E3F4EAC7289E}"
EndProject
Project("{9A19103F-16F7-4668-BE54-9A1E7A4F7556}") = "Day6Console", "Day6\Day6Console\Day6Console.csproj", "{0DA14DC1-E54B-4B8D-B61F-B77FEBCC53BE}"
EndProject
Project("{2150E333-8FDC-42A3-9474-1A3956D46DE8}") = "Day7", "Day7", "{DB5EEF52-48F6-4B1E-946D-FCADB73D5211}"
	ProjectSection(SolutionItems) = preProject
		Day7\Day7Description.md = Day7\Day7Description.md
	EndProjectSection
EndProject
Project("{FAE04EC0-301F-11D3-BF4B-00C04F79EFBC}") = "Day7Tests", "Day7Tests\Day7Tests.csproj", "{70B8FD82-29AB-4285-814D-9165F6A5FB4B}"
EndProject
Global
	GlobalSection(SolutionConfigurationPlatforms) = preSolution
		Debug|Any CPU = Debug|Any CPU
		Release|Any CPU = Release|Any CPU
	EndGlobalSection
	GlobalSection(ProjectConfigurationPlatforms) = postSolution
		{BFF8804D-5459-4882-8E23-02A4A8B3057B}.Debug|Any CPU.ActiveCfg = Debug|Any CPU
		{BFF8804D-5459-4882-8E23-02A4A8B3057B}.Debug|Any CPU.Build.0 = Debug|Any CPU
		{BFF8804D-5459-4882-8E23-02A4A8B3057B}.Release|Any CPU.ActiveCfg = Release|Any CPU
		{BFF8804D-5459-4882-8E23-02A4A8B3057B}.Release|Any CPU.Build.0 = Release|Any CPU
		{038D3CE9-2BF8-42AA-BDD4-1EFCC5747150}.Debug|Any CPU.ActiveCfg = Debug|Any CPU
		{038D3CE9-2BF8-42AA-BDD4-1EFCC5747150}.Debug|Any CPU.Build.0 = Debug|Any CPU
		{038D3CE9-2BF8-42AA-BDD4-1EFCC5747150}.Release|Any CPU.ActiveCfg = Release|Any CPU
		{038D3CE9-2BF8-42AA-BDD4-1EFCC5747150}.Release|Any CPU.Build.0 = Release|Any CPU
		{A161EDE6-1571-437D-AAFD-7C34CEA0C833}.Debug|Any CPU.ActiveCfg = Debug|Any CPU
		{A161EDE6-1571-437D-AAFD-7C34CEA0C833}.Debug|Any CPU.Build.0 = Debug|Any CPU
		{A161EDE6-1571-437D-AAFD-7C34CEA0C833}.Release|Any CPU.ActiveCfg = Release|Any CPU
		{A161EDE6-1571-437D-AAFD-7C34CEA0C833}.Release|Any CPU.Build.0 = Release|Any CPU
		{F2AA0C71-2F07-4D8F-B343-21212431044E}.Debug|Any CPU.ActiveCfg = Debug|Any CPU
		{F2AA0C71-2F07-4D8F-B343-21212431044E}.Debug|Any CPU.Build.0 = Debug|Any CPU
		{F2AA0C71-2F07-4D8F-B343-21212431044E}.Release|Any CPU.ActiveCfg = Release|Any CPU
		{F2AA0C71-2F07-4D8F-B343-21212431044E}.Release|Any CPU.Build.0 = Release|Any CPU
		{BB4DFF41-48F9-43FA-ABC7-4671BC48F0BC}.Debug|Any CPU.ActiveCfg = Debug|Any CPU
		{BB4DFF41-48F9-43FA-ABC7-4671BC48F0BC}.Debug|Any CPU.Build.0 = Debug|Any CPU
		{BB4DFF41-48F9-43FA-ABC7-4671BC48F0BC}.Release|Any CPU.ActiveCfg = Release|Any CPU
		{BB4DFF41-48F9-43FA-ABC7-4671BC48F0BC}.Release|Any CPU.Build.0 = Release|Any CPU
		{CE3BB5AE-5B69-4E95-B678-2655BB591916}.Debug|Any CPU.ActiveCfg = Debug|Any CPU
		{CE3BB5AE-5B69-4E95-B678-2655BB591916}.Debug|Any CPU.Build.0 = Debug|Any CPU
		{CE3BB5AE-5B69-4E95-B678-2655BB591916}.Release|Any CPU.ActiveCfg = Release|Any CPU
		{CE3BB5AE-5B69-4E95-B678-2655BB591916}.Release|Any CPU.Build.0 = Release|Any CPU
		{EFFDB3FE-58E2-4842-BF38-B4902AA9995E}.Debug|Any CPU.ActiveCfg = Debug|Any CPU
		{EFFDB3FE-58E2-4842-BF38-B4902AA9995E}.Debug|Any CPU.Build.0 = Debug|Any CPU
		{EFFDB3FE-58E2-4842-BF38-B4902AA9995E}.Release|Any CPU.ActiveCfg = Release|Any CPU
		{EFFDB3FE-58E2-4842-BF38-B4902AA9995E}.Release|Any CPU.Build.0 = Release|Any CPU
		{76B57729-BB53-4F2E-B967-55AEF7E3B95D}.Debug|Any CPU.ActiveCfg = Debug|Any CPU
		{76B57729-BB53-4F2E-B967-55AEF7E3B95D}.Debug|Any CPU.Build.0 = Debug|Any CPU
		{76B57729-BB53-4F2E-B967-55AEF7E3B95D}.Release|Any CPU.ActiveCfg = Release|Any CPU
		{76B57729-BB53-4F2E-B967-55AEF7E3B95D}.Release|Any CPU.Build.0 = Release|Any CPU
		{F21C0E42-C7F1-4635-94DC-51CCB5AC286D}.Debug|Any CPU.ActiveCfg = Debug|Any CPU
		{F21C0E42-C7F1-4635-94DC-51CCB5AC286D}.Debug|Any CPU.Build.0 = Debug|Any CPU
		{F21C0E42-C7F1-4635-94DC-51CCB5AC286D}.Release|Any CPU.ActiveCfg = Release|Any CPU
		{F21C0E42-C7F1-4635-94DC-51CCB5AC286D}.Release|Any CPU.Build.0 = Release|Any CPU
		{F4BF0F6B-E89E-40D3-98EB-DE1E257CA072}.Debug|Any CPU.ActiveCfg = Debug|Any CPU
		{F4BF0F6B-E89E-40D3-98EB-DE1E257CA072}.Debug|Any CPU.Build.0 = Debug|Any CPU
		{F4BF0F6B-E89E-40D3-98EB-DE1E257CA072}.Release|Any CPU.ActiveCfg = Release|Any CPU
		{F4BF0F6B-E89E-40D3-98EB-DE1E257CA072}.Release|Any CPU.Build.0 = Release|Any CPU
		{E3E9438D-8CAB-4095-A8B8-E3F4EAC7289E}.Debug|Any CPU.ActiveCfg = Debug|Any CPU
		{E3E9438D-8CAB-4095-A8B8-E3F4EAC7289E}.Debug|Any CPU.Build.0 = Debug|Any CPU
		{E3E9438D-8CAB-4095-A8B8-E3F4EAC7289E}.Release|Any CPU.ActiveCfg = Release|Any CPU
		{E3E9438D-8CAB-4095-A8B8-E3F4EAC7289E}.Release|Any CPU.Build.0 = Release|Any CPU
		{0DA14DC1-E54B-4B8D-B61F-B77FEBCC53BE}.Debug|Any CPU.ActiveCfg = Debug|Any CPU
		{0DA14DC1-E54B-4B8D-B61F-B77FEBCC53BE}.Debug|Any CPU.Build.0 = Debug|Any CPU
		{0DA14DC1-E54B-4B8D-B61F-B77FEBCC53BE}.Release|Any CPU.ActiveCfg = Release|Any CPU
		{0DA14DC1-E54B-4B8D-B61F-B77FEBCC53BE}.Release|Any CPU.Build.0 = Release|Any CPU
		{70B8FD82-29AB-4285-814D-9165F6A5FB4B}.Debug|Any CPU.ActiveCfg = Debug|Any CPU
		{70B8FD82-29AB-4285-814D-9165F6A5FB4B}.Debug|Any CPU.Build.0 = Debug|Any CPU
		{70B8FD82-29AB-4285-814D-9165F6A5FB4B}.Release|Any CPU.ActiveCfg = Release|Any CPU
		{70B8FD82-29AB-4285-814D-9165F6A5FB4B}.Release|Any CPU.Build.0 = Release|Any CPU
	EndGlobalSection
	GlobalSection(SolutionProperties) = preSolution
		HideSolutionNode = FALSE
	EndGlobalSection
	GlobalSection(NestedProjects) = preSolution
		{BFF8804D-5459-4882-8E23-02A4A8B3057B} = {DDAA6524-8002-46B7-9C31-F92DEB4CA3CC}
		{038D3CE9-2BF8-42AA-BDD4-1EFCC5747150} = {DDAA6524-8002-46B7-9C31-F92DEB4CA3CC}
		{A161EDE6-1571-437D-AAFD-7C34CEA0C833} = {A1D6C972-91A9-4DCE-BCE6-55841D93CE54}
		{F2AA0C71-2F07-4D8F-B343-21212431044E} = {A1D6C972-91A9-4DCE-BCE6-55841D93CE54}
		{BB4DFF41-48F9-43FA-ABC7-4671BC48F0BC} = {6BE4C0B2-CA48-446B-AC08-29C7FC0F203A}
		{CE3BB5AE-5B69-4E95-B678-2655BB591916} = {6BE4C0B2-CA48-446B-AC08-29C7FC0F203A}
		{EFFDB3FE-58E2-4842-BF38-B4902AA9995E} = {33E67D30-05EF-4275-BB34-CB3379C61C40}
		{76B57729-BB53-4F2E-B967-55AEF7E3B95D} = {33E67D30-05EF-4275-BB34-CB3379C61C40}
		{F21C0E42-C7F1-4635-94DC-51CCB5AC286D} = {77010A7D-9AE6-468C-98EE-A68D6B1AAA90}
		{F4BF0F6B-E89E-40D3-98EB-DE1E257CA072} = {77010A7D-9AE6-468C-98EE-A68D6B1AAA90}
		{E3E9438D-8CAB-4095-A8B8-E3F4EAC7289E} = {3736CAEF-2BE6-479E-886E-AB2FB0D49542}
		{0DA14DC1-E54B-4B8D-B61F-B77FEBCC53BE} = {3736CAEF-2BE6-479E-886E-AB2FB0D49542}
		{70B8FD82-29AB-4285-814D-9165F6A5FB4B} = {DB5EEF52-48F6-4B1E-946D-FCADB73D5211}
	EndGlobalSection
	GlobalSection(ExtensibilityGlobals) = postSolution
		SolutionGuid = {BD5C3A21-442C-4926-B327-D7A1A07545D2}
	EndGlobalSection
EndGlobal
